
Microsoft Visual Studio Solution File, Format Version 12.00
# Visual Studio Version 17
VisualStudioVersion = 17.11.35312.102
MinimumVisualStudioVersion = 10.0.40219.1
Project("{FAE04EC0-301F-11D3-BF4B-00C04F79EFBC}") = "Osztalyok", "Osztalyok\Osztalyok.csproj", "{2EABC835-A9ED-4E47-85A5-9FA68625FCED}"
EndProject
Global
	GlobalSection(SolutionConfigurationPlatforms) = preSolution
		Debug|Any CPU = Debug|Any CPU
		Release|Any CPU = Release|Any CPU
	EndGlobalSection
	GlobalSection(ProjectConfigurationPlatforms) = postSolution
		{2EABC835-A9ED-4E47-85A5-9FA68625FCED}.Debug|Any CPU.ActiveCfg = Debug|Any CPU
		{2EABC835-A9ED-4E47-85A5-9FA68625FCED}.Debug|Any CPU.Build.0 = Debug|Any CPU
		{2EABC835-A9ED-4E47-85A5-9FA68625FCED}.Release|Any CPU.ActiveCfg = Release|Any CPU
		{2EABC835-A9ED-4E47-85A5-9FA68625FCED}.Release|Any CPU.Build.0 = Release|Any CPU
	EndGlobalSection
	GlobalSection(SolutionProperties) = preSolution
		HideSolutionNode = FALSE
	EndGlobalSection
	GlobalSection(ExtensibilityGlobals) = postSolution
		SolutionGuid = {CADBEC5D-0A17-4BC3-835E-AB7693A52BB0}
	EndGlobalSection
EndGlobal
